{
  "version": "5",
  "remote": {
    "https://edge.netlify.com/": "fd941d61d88673d5f28aab283fb86fcc50f08a3bc80ee5470498fcfa88c65cfb",
    "https://edge.netlify.com/bootstrap/config.ts": "6a2ce0e544e15e8f8883a5c18da5948e37fd0f2619f68cb31f3af53c51817025",
    "https://edge.netlify.com/bootstrap/context.ts": "e97240232121e2f369f6546ce961490f34d961ea1ea54be3ff09633e3f08373f",
    "https://edge.netlify.com/bootstrap/cookie.ts": "8b0baae708989ca183c6f3b4ab3d029e6abcbc2e43f93edeb0ff447b3bbc3a05",
    "https://edge.netlify.com/bootstrap/edge_function.ts": "b8253e86aa83c67341f5cfedeba5049d77fbf84dcab7eceff7566b7728ae9b39",
    "https://edge.netlify.com/bootstrap/globals/types.ts": "eaa6148ded3121d8dee62dd91c86e7fe76601df0f3ca8d7962243a30f4c8935f"
  },
  "workspace": {
    "packageJson": {
      "dependencies": [
        "npm:@apollo/client@4",
        "npm:@emotion/react@^11.9.0",
        "npm:@emotion/styled@^11.8.1",
        "npm:@eslint/js@9",
        "npm:@lingui/cli@^6.4.0",
        "npm:@lingui/core@^6.4.0",
        "npm:@lingui/format-po@^6.4.0",
        "npm:@lingui/macro@^5.9.5",
        "npm:@lingui/react@^6.4.0",
        "npm:@lingui/vite-plugin@^6.4.0",
        "npm:@mui/icons-material@9",
        "npm:@mui/material@9",
        "npm:@mui/x-data-grid@9",
        "npm:@mui/x-date-pickers@7",
        "npm:@netlify/functions@^5.3.0",
        "npm:@svgr/core@^8.1.0",
        "npm:@tanstack/react-query@5",
        "npm:@types/node@^17.0.23",
        "npm:@types/react-dom@19",
        "npm:@types/react@19",
        "npm:@vitejs/plugin-react@4",
        "npm:date-fns@^4.4.0",
        "npm:eslint-config-prettier@^10.1.8",
        "npm:eslint-plugin-react-hooks@7",
        "npm:eslint-plugin-react-refresh@0",
        "npm:eslint@^10.6.0",
        "npm:graphql@^16.3.0",
        "npm:husky@^9.1.7",
        "npm:lint-staged@^17.0.8",
        "npm:prettier@^3.9.3",
        "npm:react-dom@19",
        "npm:react-router-dom@6",
        "npm:react@19",
        "npm:recharts@^2.15.4",
        "npm:rxjs@^7.8.2",
        "npm:typescript-eslint@8",
        "npm:typescript@^5.8.0",
        "npm:viem@^2.53.1",
        "npm:vite-plugin-node-polyfills@0.22",
        "npm:vite-plugin-svgr@^4.2.0",
        "npm:vite@6"
      ]
    }
  }
}
